PODS:
  - PreviewGallery (0.0.1)
  - PreviewsSupport (0.0.1)
  - SnapshotPreferences (0.0.1)
  - SnapshotPreviewsCore (0.0.1)

DEPENDENCIES:
  - PreviewGallery (from `..`)
  - PreviewsSupport (from `..`)
  - SnapshotPreferences (from `..`)
  - SnapshotPreviewsCore (from `..`)

EXTERNAL SOURCES:
  PreviewGallery:
    :path: ".."
  PreviewsSupport:
    :path: ".."
  SnapshotPreferences:
    :path: ".."
  SnapshotPreviewsCore:
    :path: ".."

SPEC CHECKSUMS:
  PreviewGallery: 3fa7b38ced2fced855136aab50320c4fdf762ce5
  PreviewsSupport: 6194a2a752a1b4e3a76e5369f3342b1fd8f24e39
  SnapshotPreferences: 62d6a5ac05ed80c4a0bd40653fb49dd0dc0e1644
  SnapshotPreviewsCore: 3856104f0458286cd87f79f75dc83dec97e6ebae

PODFILE CHECKSUM: 6e43a6be3dcd08b913b050251ff433b30786270e

COCOAPODS: 1.13.0
